
Microsoft Visual Studio Solution File, Format Version 12.00
# Visual Studio Version 17
VisualStudioVersion = 17.2.32516.85
MinimumVisualStudioVersion = 10.0.40219.1
Project("{8BC9CEB8-8B4A-11D0-8D11-00A0C91BC942}") = "HelloWorld", "HelloWorld\HelloWorld.vcxproj", "{674D3067-3DB5-438D-96DA-178804C44997}"
EndProject
Global
	GlobalSection(SolutionConfigurationPlatforms) = preSolution
		Debug|x64 = Debug|x64
		Debug|x86 = Debug|x86
		Release|x64 = Release|x64
		Release|x86 = Release|x86
	EndGlobalSection
	GlobalSection(ProjectConfigurationPlatforms) = postSolution
		{674D3067-3DB5-438D-96DA-178804C44997}.Debug|x64.ActiveCfg = Debug|x64
		{674D3067-3DB5-438D-96DA-178804C44997}.Debug|x64.Build.0 = Debug|x64
		{674D3067-3DB5-438D-96DA-178804C44997}.Debug|x86.ActiveCfg = Debug|Win32
		{674D3067-3DB5-438D-96DA-178804C44997}.Debug|x86.Build.0 = Debug|Win32
		{674D3067-3DB5-438D-96DA-178804C44997}.Release|x64.ActiveCfg = Release|x64
		{674D3067-3DB5-438D-96DA-178804C44997}.Release|x64.Build.0 = Release|x64
		{674D3067-3DB5-438D-96DA-178804C44997}.Release|x86.ActiveCfg = Release|Win32
		{674D3067-3DB5-438D-96DA-178804C44997}.Release|x86.Build.0 = Release|Win32
	EndGlobalSection
	GlobalSection(SolutionProperties) = preSolution
		HideSolutionNode = FALSE
	EndGlobalSection
	GlobalSection(ExtensibilityGlobals) = postSolution
		SolutionGuid = {00392215-7118-4C2E-B98F-6FBD2CC2D90C}
	EndGlobalSection
EndGlobal
